// !$*UTF8*$!
{
	archiveVersion = 1;
	classes = {
	};
	objectVersion = 50;
	objects = {

/* Begin PBXBuildFile section */
		8414EE7121E1F4FC0036FA22 /* AppDelegate.swift in Sources */ = {isa = PBXBuildFile; fileRef = 8414EE7021E1F4FC0036FA22 /* AppDelegate.swift */; };
		8414EE7321E1F4FC0036FA22 /* ViewController.swift in Sources */ = {isa = PBXBuildFile; fileRef = 8414EE7221E1F4FC0036FA22 /* ViewController.swift */; };
		8414EE7621E1F4FC0036FA22 /* Main.storyboard in Resources */ = {isa = PBXBuildFile; fileRef = 8414EE7421E1F4FC0036FA22 /* Main.storyboard */; };
		8414EE7821E1F5090036FA22 /* Assets.xcassets in Resources */ = {isa = PBXBuildFile; fileRef = 8414EE7721E1F5090036FA22 /* Assets.xcassets */; };
		8414EE7B21E1F5090036FA22 /* LaunchScreen.storyboard in Resources */ = {isa = PBXBuildFile; fileRef = 8414EE7921E1F5090036FA22 /* LaunchScreen.storyboard */; };
		8414EE8621E1F5090036FA22 /* _____Tests.swift in Sources */ = {isa = PBXBuildFile; fileRef = 8414EE8521E1F5090036FA22 /* _____Tests.swift */; };
		8414EE9121E1F5090036FA22 /* _____UITests.swift in Sources */ = {isa = PBXBuildFile; fileRef = 8414EE9021E1F5090036FA22 /* _____UITests.swift */; };
/* End PBXBuildFile section */

/* Begin PBXContainerItemProxy section */
		8414EE8221E1F5090036FA22 /* PBXContainerItemProxy */ = {
			isa = PBXContainerItemProxy;
			containerPortal = 8414EE6521E1F4FC0036FA22 /* Project object */;
			proxyType = 1;
			remoteGlobalIDString = 8414EE6C21E1F4FC0036FA22;
			remoteInfo = "滑动猜数字";
		};
		8414EE8D21E1F5090036FA22 /* PBXContainerItemProxy */ = {
			isa = PBXContainerItemProxy;
			containerPortal = 8414EE6521E1F4FC0036FA22 /* Project object */;
			proxyType = 1;
			remoteGlobalIDString = 8414EE6C21E1F4FC0036FA22;
			remoteInfo = "滑动猜数字";
		};
/* End PBXContainerItemProxy section */

/* Begin PBXFileReference section */
		8414EE6D21E1F4FC0036FA22 /* 滑动猜数字.app */ = {isa = PBXFileReference; explicitFileType = wrapper.application; includeInIndex = 0; path = "滑动猜数字.app"; sourceTree = BUILT_PRODUCTS_DIR; };
		8414EE7021E1F4FC0036FA22 /* AppDelegate.swift */ = {isa = PBXFileReference; lastKnownFileType = sourcecode.swift; path = AppDelegate.swift; sourceTree = "<group>"; };
		8414EE7221E1F4FC0036FA22 /* ViewController.swift */ = {isa = PBXFileReference; lastKnownFileType = sourcecode.swift; path = ViewController.swift; sourceTree = "<group>"; };
		8414EE7521E1F4FC0036FA22 /* Base */ = {isa = PBXFileReference; lastKnownFileType = file.storyboard; name = Base; path = Base.lproj/Main.storyboard; sourceTree = "<group>"; };
		8414EE7721E1F5090036FA22 /* Assets.xcassets */ = {isa = PBXFileReference; lastKnownFileType = folder.assetcatalog; path = Assets.xcassets; sourceTree = "<group>"; };
		8414EE7A21E1F5090036FA22 /* Base */ = {isa = PBXFileReference; lastKnownFileType = file.storyboard; name = Base; path = Base.lproj/LaunchScreen.storyboard; sourceTree = "<group>"; };
		8414EE7C21E1F5090036FA22 /* Info.plist */ = {isa = PBXFileReference; lastKnownFileType = text.plist.xml; path = Info.plist; sourceTree = "<group>"; };
		8414EE8121E1F5090036FA22 /* 滑动猜数字Tests.xctest */ = {isa = PBXFileReference; explicitFileType = wrapper.cfbundle; includeInIndex = 0; path = "滑动猜数字Tests.xctest"; sourceTree = BUILT_PRODUCTS_DIR; };
		8414EE8521E1F5090036FA22 /* _____Tests.swift */ = {isa = PBXFileReference; lastKnownFileType = sourcecode.swift; path = "_____Tests.swift"; sourceTree = "<group>"; };
		8414EE8721E1F5090036FA22 /* Info.plist */ = {isa = PBXFileReference; lastKnownFileType = text.plist.xml; path = Info.plist; sourceTree = "<group>"; };
		8414EE8C21E1F5090036FA22 /* 滑动猜数字UITests.xctest */ = {isa = PBXFileReference; explicitFileType = wrapper.cfbundle; includeInIndex = 0; path = "滑动猜数字UITests.xctest"; sourceTree = BUILT_PRODUCTS_DIR; };
		8414EE9021E1F5090036FA22 /* _____UITests.swift */ = {isa = PBXFileReference; lastKnownFileType = sourcecode.swift; path = "_____UITests.swift"; sourceTree = "<group>"; };
		8414EE9221E1F5090036FA22 /* Info.plist */ = {isa = PBXFileReference; lastKnownFileType = text.plist.xml; path = Info.plist; sourceTree = "<group>"; };
/* End PBXFileReference section */

/* Begin PBXFrameworksBuildPhase section */
		8414EE6A21E1F4FC0036FA22 /* Frameworks */ = {
			isa = PBXFrameworksBuildPhase;
			buildActionMask = 2147483647;
			files = (
			);
			runOnlyForDeploymentPostprocessing = 0;
		};
		8414EE7E21E1F5090036FA22 /* Frameworks */ = {
			isa = PBXFrameworksBuildPhase;
			buildActionMask = 2147483647;
			files = (
			);
			runOnlyForDeploymentPostprocessing = 0;
		};
		8414EE8921E1F5090036FA22 /* Frameworks */ = {
			isa = PBXFrameworksBuildPhase;
			buildActionMask = 2147483647;
			files = (
			);
			runOnlyForDeploymentPostprocessing = 0;
		};
/* End PBXFrameworksBuildPhase section */

/* Begin PBXGroup section */
		8414EE6421E1F4FC0036FA22 = {
			isa = PBXGroup;
			children = (
				8414EE6F21E1F4FC0036FA22 /* 滑动猜数字 */,
				8414EE8421E1F5090036FA22 /* 滑动猜数字Tests */,
				8414EE8F21E1F5090036FA22 /* 滑动猜数字UITests */,
				8414EE6E21E1F4FC0036FA22 /* Products */,
			);
			sourceTree = "<group>";
		};
		8414EE6E21E1F4FC0036FA22 /* Products */ = {
			isa = PBXGroup;
			children = (
				8414EE6D21E1F4FC0036FA22 /* 滑动猜数字.app */,
				8414EE8121E1F5090036FA22 /* 滑动猜数字Tests.xctest */,
				8414EE8C21E1F5090036FA22 /* 滑动猜数字UITests.xctest */,
			);
			name = Products;
			sourceTree = "<group>";
		};
		8414EE6F21E1F4FC0036FA22 /* 滑动猜数字 */ = {
			isa = PBXGroup;
			children = (
				8414EE7021E1F4FC0036FA22 /* AppDelegate.swift */,
				8414EE7221E1F4FC0036FA22 /* ViewController.swift */,
				8414EE7421E1F4FC0036FA22 /* Main.storyboard */,
				8414EE7721E1F5090036FA22 /* Assets.xcassets */,
				8414EE7921E1F5090036FA22 /* LaunchScreen.storyboard */,
				8414EE7C21E1F5090036FA22 /* Info.plist */,
			);
			path = "滑动猜数字";
			sourceTree = "<group>";
		};
		8414EE8421E1F5090036FA22 /* 滑动猜数字Tests */ = {
			isa = PBXGroup;
			children = (
				8414EE8521E1F5090036FA22 /* _____Tests.swift */,
				8414EE8721E1F5090036FA22 /* Info.plist */,
			);
			path = "滑动猜数字Tests";
			sourceTree = "<group>";
		};
		8414EE8F21E1F5090036FA22 /* 滑动猜数字UITests */ = {
			isa = PBXGroup;
			children = (
				8414EE9021E1F5090036FA22 /* _____UITests.swift */,
				8414EE9221E1F5090036FA22 /* Info.plist */,
			);
			path = "滑动猜数字UITests";
			sourceTree = "<group>";
		};
/* End PBXGroup section */

/* Begin PBXNativeTarget section */
		8414EE6C21E1F4FC0036FA22 /* 滑动猜数字 */ = {
			isa = PBXNativeTarget;
			buildConfigurationList = 8414EE9521E1F5090036FA22 /* Build configuration list for PBXNativeTarget "滑动猜数字" */;
			buildPhases = (
				8414EE6921E1F4FC0036FA22 /* Sources */,
				8414EE6A21E1F4FC0036FA22 /* Frameworks */,
				8414EE6B21E1F4FC0036FA22 /* Resources */,
			);
			buildRules = (
			);
			dependencies = (
			);
			name = "滑动猜数字";
			productName = "滑动猜数字";
			productReference = 8414EE6D21E1F4FC0036FA22 /* 滑动猜数字.app */;
			productType = "com.apple.product-type.application";
		};
		8414EE8021E1F5090036FA22 /* 滑动猜数字Tests */ = {
			isa = PBXNativeTarget;
			buildConfigurationList = 8414EE9821E1F5090036FA22 /* Build configuration list for PBXNativeTarget "滑动猜数字Tests" */;
			buildPhases = (
				8414EE7D21E1F5090036FA22 /* Sources */,
				8414EE7E21E1F5090036FA22 /* Frameworks */,
				8414EE7F21E1F5090036FA22 /* Resources */,
			);
			buildRules = (
			);
			dependencies = (
				8414EE8321E1F5090036FA22 /* PBXTargetDependency */,
			);
			name = "滑动猜数字Tests";
			productName = "滑动猜数字Tests";
			productReference = 8414EE8121E1F5090036FA22 /* 滑动猜数字Tests.xctest */;
			productType = "com.apple.product-type.bundle.unit-test";
		};
		8414EE8B21E1F5090036FA22 /* 滑动猜数字UITests */ = {
			isa = PBXNativeTarget;
			buildConfigurationList = 8414EE9B21E1F5090036FA22 /* Build configuration list for PBXNativeTarget "滑动猜数字UITests" */;
			buildPhases = (
				8414EE8821E1F5090036FA22 /* Sources */,
				8414EE8921E1F5090036FA22 /* Frameworks */,
				8414EE8A21E1F5090036FA22 /* Resources */,
			);
			buildRules = (
			);
			dependencies = (
				8414EE8E21E1F5090036FA22 /* PBXTargetDependency */,
			);
			name = "滑动猜数字UITests";
			productName = "滑动猜数字UITests";
			productReference = 8414EE8C21E1F5090036FA22 /* 滑动猜数字UITests.xctest */;
			productType = "com.apple.product-type.bundle.ui-testing";
		};
/* End PBXNativeTarget section */

/* Begin PBXProject section */
		8414EE6521E1F4FC0036FA22 /* Project object */ = {
			isa = PBXProject;
			attributes = {
				LastSwiftUpdateCheck = 1010;
				LastUpgradeCheck = 1010;
				ORGANIZATIONNAME = "内师大";
				TargetAttributes = {
					8414EE6C21E1F4FC0036FA22 = {
						CreatedOnToolsVersion = 10.1;
					};
					8414EE8021E1F5090036FA22 = {
						CreatedOnToolsVersion = 10.1;
						TestTargetID = 8414EE6C21E1F4FC0036FA22;
					};
					8414EE8B21E1F5090036FA22 = {
						CreatedOnToolsVersion = 10.1;
						TestTargetID = 8414EE6C21E1F4FC0036FA22;
					};
				};
			};
			buildConfigurationList = 8414EE6821E1F4FC0036FA22 /* Build configuration list for PBXProject "滑动猜数字" */;
			compatibilityVersion = "Xcode 9.3";
			developmentRegion = en;
			hasScannedForEncodings = 0;
			knownRegions = (
				en,
				Base,
			);
			mainGroup = 8414EE6421E1F4FC0036FA22;
			productRefGroup = 8414EE6E21E1F4FC0036FA22 /* Products */;
			projectDirPath = "";
			projectRoot = "";
			targets = (
				8414EE6C21E1F4FC0036FA22 /* 滑动猜数字 */,
				8414EE8021E1F5090036FA22 /* 滑动猜数字Tests */,
				8414EE8B21E1F5090036FA22 /* 滑动猜数字UITests */,
			);
		};
/* End PBXProject section */

/* Begin PBXResourcesBuildPhase section */
		8414EE6B21E1F4FC0036FA22 /* Resources */ = {
			isa = PBXResourcesBuildPhase;
			buildActionMask = 2147483647;
			files = (
				8414EE7B21E1F5090036FA22 /* LaunchScreen.storyboard in Resources */,
				8414EE7821E1F5090036FA22 /* Assets.xcassets in Resources */,
				8414EE7621E1F4FC0036FA22 /* Main.storyboard in Resources */,
			);
			runOnlyForDeploymentPostprocessing = 0;
		};
		8414EE7F21E1F5090036FA22 /* Resources */ = {
			isa = PBXResourcesBuildPhase;
			buildActionMask = 2147483647;
			files = (
			);
			runOnlyForDeploymentPostprocessing = 0;
		};
		8414EE8A21E1F5090036FA22 /* Resources */ = {
			isa = PBXResourcesBuildPhase;
			buildActionMask = 2147483647;
			files = (
			);
			runOnlyForDeploymentPostprocessing = 0;
		};
/* End PBXResourcesBuildPhase section */

/* Begin PBXSourcesBuildPhase section */
		8414EE6921E1F4FC0036FA22 /* Sources */ = {
			isa = PBXSourcesBuildPhase;
			buildActionMask = 2147483647;
			files = (
				8414EE7321E1F4FC0036FA22 /* ViewController.swift in Sources */,
				8414EE7121E1F4FC0036FA22 /* AppDelegate.swift in Sources */,
			);
			runOnlyForDeploymentPostprocessing = 0;
		};
		8414EE7D21E1F5090036FA22 /* Sources */ = {
			isa = PBXSourcesBuildPhase;
			buildActionMask = 2147483647;
			files = (
				8414EE8621E1F5090036FA22 /* _____Tests.swift in Sources */,
			);
			runOnlyForDeploymentPostprocessing = 0;
		};
		8414EE8821E1F5090036FA22 /* Sources */ = {
			isa = PBXSourcesBuildPhase;
			buildActionMask = 2147483647;
			files = (
				8414EE9121E1F5090036FA22 /* _____UITests.swift in Sources */,
			);
			runOnlyForDeploymentPostprocessing = 0;
		};
/* End PBXSourcesBuildPhase section */

/* Begin PBXTargetDependency section */
		8414EE8321E1F5090036FA22 /* PBXTargetDependency */ = {
			isa = PBXTargetDependency;
			target = 8414EE6C21E1F4FC0036FA22 /* 滑动猜数字 */;
			targetProxy = 8414EE8221E1F5090036FA22 /* PBXContainerItemProxy */;
		};
		8414EE8E21E1F5090036FA22 /* PBXTargetDependency */ = {
			isa = PBXTargetDependency;
			target = 8414EE6C21E1F4FC0036FA22 /* 滑动猜数字 */;
			targetProxy = 8414EE8D21E1F5090036FA22 /* PBXContainerItemProxy */;
		};
/* End PBXTargetDependency section */

/* Begin PBXVariantGroup section */
		8414EE7421E1F4FC0036FA22 /* Main.storyboard */ = {
			isa = PBXVariantGroup;
			children = (
				8414EE7521E1F4FC0036FA22 /* Base */,
			);
			name = Main.storyboard;
			sourceTree = "<group>";
		};
		8414EE7921E1F5090036FA22 /* LaunchScreen.storyboard */ = {
			isa = PBXVariantGroup;
			children = (
				8414EE7A21E1F5090036FA22 /* Base */,
			);
			name = LaunchScreen.storyboard;
			sourceTree = "<group>";
		};
/* End PBXVariantGroup section */

/* Begin XCBuildConfiguration section */
		8414EE9321E1F5090036FA22 /* Debug */ = {
			isa = XCBuildConfiguration;
			buildSettings = {
				ALWAYS_SEARCH_USER_PATHS = NO;
				CLANG_ANALYZER_NONNULL = YES;
				CLANG_ANALYZER_NUMBER_OBJECT_CONVERSION = YES_AGGRESSIVE;
				CLANG_CXX_LANGUAGE_STANDARD = "gnu++14";
				CLANG_CXX_LIBRARY = "libc++";
				CLANG_ENABLE_MODULES = YES;
				CLANG_ENABLE_OBJC_ARC = YES;
				CLANG_ENABLE_OBJC_WEAK = YES;
				CLANG_WARN_BLOCK_CAPTURE_AUTORELEASING = YES;
				CLANG_WARN_BOOL_CONVERSION = YES;
				CLANG_WARN_COMMA = YES;
				CLANG_WARN_CONSTANT_CONVERSION = YES;
				CLANG_WARN_DEPRECATED_OBJC_IMPLEMENTATIONS = YES;
				CLANG_WARN_DIRECT_OBJC_ISA_USAGE = YES_ERROR;
				CLANG_WARN_DOCUMENTATION_COMMENTS = YES;
				CLANG_WARN_EMPTY_BODY = YES;
				CLANG_WARN_ENUM_CONVERSION = YES;
				CLANG_WARN_INFINITE_RECURSION = YES;
				CLANG_WARN_INT_CONVERSION = YES;
				CLANG_WARN_NON_LITERAL_NULL_CONVERSION = YES;
				CLANG_WARN_OBJC_IMPLICIT_RETAIN_SELF = YES;
				CLANG_WARN_OBJC_LITERAL_CONVERSION = YES;
				CLANG_WARN_OBJC_ROOT_CLASS = YES_ERROR;
				CLANG_WARN_RANGE_LOOP_ANALYSIS = YES;
				CLANG_WARN_STRICT_PROTOTYPES = YES;
				CLANG_WARN_SUSPICIOUS_MOVE = YES;
				CLANG_WARN_UNGUARDED_AVAILABILITY = YES_AGGRESSIVE;
				CLANG_WARN_UNREACHABLE_CODE = YES;
				CLANG_WARN__DUPLICATE_METHOD_MATCH = YES;
				CODE_SIGN_IDENTITY = "iPhone Developer";
				COPY_PHASE_STRIP = NO;
				DEBUG_INFORMATION_FORMAT = dwarf;
				ENABLE_STRICT_OBJC_MSGSEND = YES;
				ENABLE_TESTABILITY = YES;
				GCC_C_LANGUAGE_STANDARD = gnu11;
				GCC_DYNAMIC_NO_PIC = NO;
				GCC_NO_COMMON_BLOCKS = YES;
				GCC_OPTIMIZATION_LEVEL = 0;
				GCC_PREPROCESSOR_DEFINITIONS = (
					"DEBUG=1",
					"$(inherited)",
				);
				GCC_WARN_64_TO_32_BIT_CONVERSION = YES;
				GCC_WARN_ABOUT_RETURN_TYPE = YES_ERROR;
				GCC_WARN_UNDECLARED_SELECTOR = YES;
				GCC_WARN_UNINITIALIZED_AUTOS = YES_AGGRESSIVE;
				GCC_WARN_UNUSED_FUNCTION = YES;
				GCC_WARN_UNUSED_VARIABLE = YES;
				IPHONEOS_DEPLOYMENT_TARGET = 12.1;
				MTL_ENABLE_DEBUG_INFO = INCLUDE_SOURCE;
				MTL_FAST_MATH = YES;
				ONLY_ACTIVE_ARCH = YES;
				SDKROOT = iphoneos;
				SWIFT_ACTIVE_COMPILATION_CONDITIONS = DEBUG;
				SWIFT_OPTIMIZATION_LEVEL = "-Onone";
			};
			name = Debug;
		};
		8414EE9421E1F5090036FA22 /* Release */ = {
			isa = XCBuildConfiguration;
			buildSettings = {
				ALWAYS_SEARCH_USER_PATHS = NO;
				CLANG_ANALYZER_NONNULL = YES;
				CLANG_ANALYZER_NUMBER_OBJECT_CONVERSION = YES_AGGRESSIVE;
				CLANG_CXX_LANGUAGE_STANDARD = "gnu++14";
				CLANG_CXX_LIBRARY = "libc++";
				CLANG_ENABLE_MODULES = YES;
				CLANG_ENABLE_OBJC_ARC = YES;
				CLANG_ENABLE_OBJC_WEAK = YES;
				CLANG_WARN_BLOCK_CAPTURE_AUTORELEASING = YES;
				CLANG_WARN_BOOL_CONVERSION = YES;
				CLANG_WARN_COMMA = YES;
				CLANG_WARN_CONSTANT_CONVERSION = YES;
				CLANG_WARN_DEPRECATED_OBJC_IMPLEMENTATIONS = YES;
				CLANG_WARN_DIRECT_OBJC_ISA_USAGE = YES_ERROR;
				CLANG_WARN_DOCUMENTATION_COMMENTS = YES;
				CLANG_WARN_EMPTY_BODY = YES;
				CLANG_WARN_ENUM_CONVERSION = YES;
				CLANG_WARN_INFINITE_RECURSION = YES;
				CLANG_WARN_INT_CONVERSION = YES;
				CLANG_WARN_NON_LITERAL_NULL_CONVERSION = YES;
				CLANG_WARN_OBJC_IMPLICIT_RETAIN_SELF = YES;
				CLANG_WARN_OBJC_LITERAL_CONVERSION = YES;
				CLANG_WARN_OBJC_ROOT_CLASS = YES_ERROR;
				CLANG_WARN_RANGE_LOOP_ANALYSIS = YES;
				CLANG_WARN_STRICT_PROTOTYPES = YES;
				CLANG_WARN_SUSPICIOUS_MOVE = YES;
				CLANG_WARN_UNGUARDED_AVAILABILITY = YES_AGGRESSIVE;
				CLANG_WARN_UNREACHABLE_CODE = YES;
				CLANG_WARN__DUPLICATE_METHOD_MATCH = YES;
				CODE_SIGN_IDENTITY = "iPhone Developer";
				COPY_PHASE_STRIP = NO;
				DEBUG_INFORMATION_FORMAT = "dwarf-with-dsym";
				ENABLE_NS_ASSERTIONS = NO;
				ENABLE_STRICT_OBJC_MSGSEND = YES;
				GCC_C_LANGUAGE_STANDARD = gnu11;
				GCC_NO_COMMON_BLOCKS = YES;
				GCC_WARN_64_TO_32_BIT_CONVERSION = YES;
				GCC_WARN_ABOUT_RETURN_TYPE = YES_ERROR;
				GCC_WARN_UNDECLARED_SELECTOR = YES;
				GCC_WARN_UNINITIALIZED_AUTOS = YES_AGGRESSIVE;
				GCC_WARN_UNUSED_FUNCTION = YES;
				GCC_WARN_UNUSED_VARIABLE = YES;
				IPHONEOS_DEPLOYMENT_TARGET = 12.1;
				MTL_ENABLE_DEBUG_INFO = NO;
				MTL_FAST_MATH = YES;
				SDKROOT = iphoneos;
				SWIFT_COMPILATION_MODE = wholemodule;
				SWIFT_OPTIMIZATION_LEVEL = "-O";
				VALIDATE_PRODUCT = YES;
			};
			name = Release;
		};
		8414EE9621E1F5090036FA22 /* Debug */ = {
			isa = XCBuildConfiguration;
			buildSettings = {
				ASSETCATALOG_COMPILER_APPICON_NAME = AppIcon;
				CODE_SIGN_STYLE = Automatic;
				DEVELOPMENT_TEAM = N8F9MEW8R6;
				INFOPLIST_FILE = "滑动猜数字/Info.plist";
				LD_RUNPATH_SEARCH_PATHS = (
					"$(inherited)",
					"@executable_path/Frameworks",
				);
				PRODUCT_BUNDLE_IDENTIFIER = com.mdh;
				PRODUCT_NAME = "$(TARGET_NAME)";
				SWIFT_VERSION = 4.2;
				TARGETED_DEVICE_FAMILY = "1,2";
			};
			name = Debug;
		};
		8414EE9721E1F5090036FA22 /* Release */ = {
			isa = XCBuildConfiguration;
			buildSettings = {
				ASSETCATALOG_COMPILER_APPICON_NAME = AppIcon;
				CODE_SIGN_STYLE = Automatic;
				DEVELOPMENT_TEAM = N8F9MEW8R6;
				INFOPLIST_FILE = "滑动猜数字/Info.plist";
				LD_RUNPATH_SEARCH_PATHS = (
					"$(inherited)",
					"@executable_path/Frameworks",
				);
				PRODUCT_BUNDLE_IDENTIFIER = com.mdh;
				PRODUCT_NAME = "$(TARGET_NAME)";
				SWIFT_VERSION = 4.2;
				TARGETED_DEVICE_FAMILY = "1,2";
			};
			name = Release;
		};
		8414EE9921E1F5090036FA22 /* Debug */ = {
			isa = XCBuildConfiguration;
			buildSettings = {
				ALWAYS_EMBED_SWIFT_STANDARD_LIBRARIES = YES;
				BUNDLE_LOADER = "$(TEST_HOST)";
				CODE_SIGN_STYLE = Automatic;
				DEVELOPMENT_TEAM = N8F9MEW8R6;
				INFOPLIST_FILE = "滑动猜数字Tests/Info.plist";
				LD_RUNPATH_SEARCH_PATHS = (
					"$(inherited)",
					"@executable_path/Frameworks",
					"@loader_path/Frameworks",
				);
				PRODUCT_BUNDLE_IDENTIFIER = "com.mdh.-----Tests";
				PRODUCT_NAME = "$(TARGET_NAME)";
				SWIFT_VERSION = 4.2;
				TARGETED_DEVICE_FAMILY = "1,2";
				TEST_HOST = "$(BUILT_PRODUCTS_DIR)/滑动猜数字.app/滑动猜数字";
			};
			name = Debug;
		};
		8414EE9A21E1F5090036FA22 /* Release */ = {
			isa = XCBuildConfiguration;
			buildSettings = {
				ALWAYS_EMBED_SWIFT_STANDARD_LIBRARIES = YES;
				BUNDLE_LOADER = "$(TEST_HOST)";
				CODE_SIGN_STYLE = Automatic;
				DEVELOPMENT_TEAM = N8F9MEW8R6;
				INFOPLIST_FILE = "滑动猜数字Tests/Info.plist";
				LD_RUNPATH_SEARCH_PATHS = (
					"$(inherited)",
					"@executable_path/Frameworks",
					"@loader_path/Frameworks",
				);
				PRODUCT_BUNDLE_IDENTIFIER = "com.mdh.-----Tests";
				PRODUCT_NAME = "$(TARGET_NAME)";
				SWIFT_VERSION = 4.2;
				TARGETED_DEVICE_FAMILY = "1,2";
				TEST_HOST = "$(BUILT_PRODUCTS_DIR)/滑动猜数字.app/滑动猜数字";
			};
			name = Release;
		};
		8414EE9C21E1F5090036FA22 /* Debug */ = {
			isa = XCBuildConfiguration;
			buildSettings = {
				ALWAYS_EMBED_SWIFT_STANDARD_LIBRARIES = YES;
				CODE_SIGN_STYLE = Automatic;
				DEVELOPMENT_TEAM = N8F9MEW8R6;
				INFOPLIST_FILE = "滑动猜数字UITests/Info.plist";
				LD_RUNPATH_SEARCH_PATHS = (
					"$(inherited)",
					"@executable_path/Frameworks",
					"@loader_path/Frameworks",
				);
				PRODUCT_BUNDLE_IDENTIFIER = "com.mdh.-----UITests";
				PRODUCT_NAME = "$(TARGET_NAME)";
				SWIFT_VERSION = 4.2;
				TARGETED_DEVICE_FAMILY = "1,2";
				TEST_TARGET_NAME = "滑动猜数字";
			};
			name = Debug;
		};
		8414EE9D21E1F5090036FA22 /* Release */ = {
			isa = XCBuildConfiguration;
			buildSettings = {
				ALWAYS_EMBED_SWIFT_STANDARD_LIBRARIES = YES;
				CODE_SIGN_STYLE = Automatic;
				DEVELOPMENT_TEAM = N8F9MEW8R6;
				INFOPLIST_FILE = "滑动猜数字UITests/Info.plist";
				LD_RUNPATH_SEARCH_PATHS = (
					"$(inherited)",
					"@executable_path/Frameworks",
					"@loader_path/Frameworks",
				);
				PRODUCT_BUNDLE_IDENTIFIER = "com.mdh.-----UITests";
				PRODUCT_NAME = "$(TARGET_NAME)";
				SWIFT_VERSION = 4.2;
				TARGETED_DEVICE_FAMILY = "1,2";
				TEST_TARGET_NAME = "滑动猜数字";
			};
			name = Release;
		};
/* End XCBuildConfiguration section */

/* Begin XCConfigurationList section */
		8414EE6821E1F4FC0036FA22 /* Build configuration list for PBXProject "滑动猜数字" */ = {
			isa = XCConfigurationList;
			buildConfigurations = (
				8414EE9321E1F5090036FA22 /* Debug */,
				8414EE9421E1F5090036FA22 /* Release */,
			);
			defaultConfigurationIsVisible = 0;
			defaultConfigurationName = Release;
		};
		8414EE9521E1F5090036FA22 /* Build configuration list for PBXNativeTarget "滑动猜数字" */ = {
			isa = XCConfigurationList;
			buildConfigurations = (
				8414EE9621E1F5090036FA22 /* Debug */,
				8414EE9721E1F5090036FA22 /* Release */,
			);
			defaultConfigurationIsVisible = 0;
			defaultConfigurationName = Release;
		};
		8414EE9821E1F5090036FA22 /* Build configuration list for PBXNativeTarget "滑动猜数字Tests" */ = {
			isa = XCConfigurationList;
			buildConfigurations = (
				8414EE9921E1F5090036FA22 /* Debug */,
				8414EE9A21E1F5090036FA22 /* Release */,
			);
			defaultConfigurationIsVisible = 0;
			defaultConfigurationName = Release;
		};
		8414EE9B21E1F5090036FA22 /* Build configuration list for PBXNativeTarget "滑动猜数字UITests" */ = {
			isa = XCConfigurationList;
			buildConfigurations = (
				8414EE9C21E1F5090036FA22 /* Debug */,
				8414EE9D21E1F5090036FA22 /* Release */,
			);
			defaultConfigurationIsVisible = 0;
			defaultConfigurationName = Release;
		};
/* End XCConfigurationList section */
	};
	rootObject = 8414EE6521E1F4FC0036FA22 /* Project object */;
}
